
Microsoft Visual Studio Solution File, Format Version 12.00
# Visual Studio Version 17
VisualStudioVersion = 17.2.32602.215
MinimumVisualStudioVersion = 10.0.40219.1
Project("{FAE04EC0-301F-11D3-BF4B-00C04F79EFBC}") = "Homework5dictionary", "Homework5dictionary\Homework5dictionary.csproj", "{12DF08F6-B709-4CE7-9578-FC38F47275B2}"
EndProject
Global
	GlobalSection(SolutionConfigurationPlatforms) = preSolution
		Debug|Any CPU = Debug|Any CPU
		Release|Any CPU = Release|Any CPU
	EndGlobalSection
	GlobalSection(ProjectConfigurationPlatforms) = postSolution
		{12DF08F6-B709-4CE7-9578-FC38F47275B2}.Debug|Any CPU.ActiveCfg = Debug|Any CPU
		{12DF08F6-B709-4CE7-9578-FC38F47275B2}.Debug|Any CPU.Build.0 = Debug|Any CPU
		{12DF08F6-B709-4CE7-9578-FC38F47275B2}.Release|Any CPU.ActiveCfg = Release|Any CPU
		{12DF08F6-B709-4CE7-9578-FC38F47275B2}.Release|Any CPU.Build.0 = Release|Any CPU
	EndGlobalSection
	GlobalSection(SolutionProperties) = preSolution
		HideSolutionNode = FALSE
	EndGlobalSection
	GlobalSection(ExtensibilityGlobals) = postSolution
		SolutionGuid = {DE712666-227B-4BF7-9527-C764E58F0272}
	EndGlobalSection
EndGlobal
