
Microsoft Visual Studio Solution File, Format Version 12.00
# Visual Studio Version 17
VisualStudioVersion = 17.2.32602.215
MinimumVisualStudioVersion = 10.0.40219.1
Project("{9A19103F-16F7-4668-BE54-9A1E7A4F7556}") = "Homework1", "Homework1.csproj", "{76CD8965-A69D-47D3-92E8-21344E7DC68A}"
EndProject
Project("{9A19103F-16F7-4668-BE54-9A1E7A4F7556}") = "Homework1b1", "..\Homework1b1\Homework1b1.csproj", "{34109D8A-D61A-44B6-A77A-EDFA4E547660}"
EndProject
Project("{9A19103F-16F7-4668-BE54-9A1E7A4F7556}") = "Homework1b2", "..\Homework1b2\Homework1b2.csproj", "{A6FA8763-D40B-42D5-B4F1-DE15EBC0A1D2}"
EndProject
Project("{9A19103F-16F7-4668-BE54-9A1E7A4F7556}") = "Homework1c", "..\Homework1c\Homework1c.csproj", "{B5200A3F-8519-430D-BD9B-0DD95ACB4066}"
EndProject
Global
	GlobalSection(SolutionConfigurationPlatforms) = preSolution
		Debug|Any CPU = Debug|Any CPU
		Release|Any CPU = Release|Any CPU
	EndGlobalSection
	GlobalSection(ProjectConfigurationPlatforms) = postSolution
		{76CD8965-A69D-47D3-92E8-21344E7DC68A}.Debug|Any CPU.ActiveCfg = Debug|Any CPU
		{76CD8965-A69D-47D3-92E8-21344E7DC68A}.Debug|Any CPU.Build.0 = Debug|Any CPU
		{76CD8965-A69D-47D3-92E8-21344E7DC68A}.Release|Any CPU.ActiveCfg = Release|Any CPU
		{76CD8965-A69D-47D3-92E8-21344E7DC68A}.Release|Any CPU.Build.0 = Release|Any CPU
		{34109D8A-D61A-44B6-A77A-EDFA4E547660}.Debug|Any CPU.ActiveCfg = Debug|Any CPU
		{34109D8A-D61A-44B6-A77A-EDFA4E547660}.Debug|Any CPU.Build.0 = Debug|Any CPU
		{34109D8A-D61A-44B6-A77A-EDFA4E547660}.Release|Any CPU.ActiveCfg = Release|Any CPU
		{34109D8A-D61A-44B6-A77A-EDFA4E547660}.Release|Any CPU.Build.0 = Release|Any CPU
		{A6FA8763-D40B-42D5-B4F1-DE15EBC0A1D2}.Debug|Any CPU.ActiveCfg = Debug|Any CPU
		{A6FA8763-D40B-42D5-B4F1-DE15EBC0A1D2}.Debug|Any CPU.Build.0 = Debug|Any CPU
		{A6FA8763-D40B-42D5-B4F1-DE15EBC0A1D2}.Release|Any CPU.ActiveCfg = Release|Any CPU
		{A6FA8763-D40B-42D5-B4F1-DE15EBC0A1D2}.Release|Any CPU.Build.0 = Release|Any CPU
		{B5200A3F-8519-430D-BD9B-0DD95ACB4066}.Debug|Any CPU.ActiveCfg = Debug|Any CPU
		{B5200A3F-8519-430D-BD9B-0DD95ACB4066}.Debug|Any CPU.Build.0 = Debug|Any CPU
		{B5200A3F-8519-430D-BD9B-0DD95ACB4066}.Release|Any CPU.ActiveCfg = Release|Any CPU
		{B5200A3F-8519-430D-BD9B-0DD95ACB4066}.Release|Any CPU.Build.0 = Release|Any CPU
	EndGlobalSection
	GlobalSection(SolutionProperties) = preSolution
		HideSolutionNode = FALSE
	EndGlobalSection
	GlobalSection(ExtensibilityGlobals) = postSolution
		SolutionGuid = {DB6B3150-6583-42BF-85FD-EEF3B79BC817}
	EndGlobalSection
EndGlobal
