
Microsoft Visual Studio Solution File, Format Version 12.00
# Visual Studio Version 17
VisualStudioVersion = 17.2.32526.322
MinimumVisualStudioVersion = 10.0.40219.1
Project("{FAE04EC0-301F-11D3-BF4B-00C04F79EFBC}") = "CodeSamplesL4", "CodeSamplesL4\CodeSamplesL4.csproj", "{FD25AC81-0979-4F2F-A223-5DB39790FBF1}"
EndProject
Project("{FAE04EC0-301F-11D3-BF4B-00C04F79EFBC}") = "EnumExample", "EnumExample\EnumExample.csproj", "{977450FA-26DF-44BA-B57C-F164FDD815F9}"
EndProject
Global
	GlobalSection(SolutionConfigurationPlatforms) = preSolution
		Debug|Any CPU = Debug|Any CPU
		Release|Any CPU = Release|Any CPU
	EndGlobalSection
	GlobalSection(ProjectConfigurationPlatforms) = postSolution
		{FD25AC81-0979-4F2F-A223-5DB39790FBF1}.Debug|Any CPU.ActiveCfg = Debug|Any CPU
		{FD25AC81-0979-4F2F-A223-5DB39790FBF1}.Debug|Any CPU.Build.0 = Debug|Any CPU
		{FD25AC81-0979-4F2F-A223-5DB39790FBF1}.Release|Any CPU.ActiveCfg = Release|Any CPU
		{FD25AC81-0979-4F2F-A223-5DB39790FBF1}.Release|Any CPU.Build.0 = Release|Any CPU
		{977450FA-26DF-44BA-B57C-F164FDD815F9}.Debug|Any CPU.ActiveCfg = Debug|Any CPU
		{977450FA-26DF-44BA-B57C-F164FDD815F9}.Debug|Any CPU.Build.0 = Debug|Any CPU
		{977450FA-26DF-44BA-B57C-F164FDD815F9}.Release|Any CPU.ActiveCfg = Release|Any CPU
		{977450FA-26DF-44BA-B57C-F164FDD815F9}.Release|Any CPU.Build.0 = Release|Any CPU
	EndGlobalSection
	GlobalSection(SolutionProperties) = preSolution
		HideSolutionNode = FALSE
	EndGlobalSection
	GlobalSection(ExtensibilityGlobals) = postSolution
		SolutionGuid = {6307D705-84CD-4020-969C-5CAF46D915B9}
	EndGlobalSection
EndGlobal
