
Microsoft Visual Studio Solution File, Format Version 12.00
# Visual Studio Version 17
VisualStudioVersion = 17.2.32602.215
MinimumVisualStudioVersion = 10.0.40219.1
Project("{9A19103F-16F7-4668-BE54-9A1E7A4F7556}") = "Homework4arrays", "Homework4arrays\Homework4arrays.csproj", "{358456BA-053E-496D-82BF-19C2F3279F64}"
EndProject
Project("{FAE04EC0-301F-11D3-BF4B-00C04F79EFBC}") = "Stack", "..\Stack\Stack.csproj", "{F4F0E9FC-C25E-4065-A7A7-FBB8CD10A597}"
EndProject
Global
	GlobalSection(SolutionConfigurationPlatforms) = preSolution
		Debug|Any CPU = Debug|Any CPU
		Release|Any CPU = Release|Any CPU
	EndGlobalSection
	GlobalSection(ProjectConfigurationPlatforms) = postSolution
		{358456BA-053E-496D-82BF-19C2F3279F64}.Debug|Any CPU.ActiveCfg = Debug|Any CPU
		{358456BA-053E-496D-82BF-19C2F3279F64}.Debug|Any CPU.Build.0 = Debug|Any CPU
		{358456BA-053E-496D-82BF-19C2F3279F64}.Release|Any CPU.ActiveCfg = Release|Any CPU
		{358456BA-053E-496D-82BF-19C2F3279F64}.Release|Any CPU.Build.0 = Release|Any CPU
		{F4F0E9FC-C25E-4065-A7A7-FBB8CD10A597}.Debug|Any CPU.ActiveCfg = Debug|Any CPU
		{F4F0E9FC-C25E-4065-A7A7-FBB8CD10A597}.Debug|Any CPU.Build.0 = Debug|Any CPU
		{F4F0E9FC-C25E-4065-A7A7-FBB8CD10A597}.Release|Any CPU.ActiveCfg = Release|Any CPU
		{F4F0E9FC-C25E-4065-A7A7-FBB8CD10A597}.Release|Any CPU.Build.0 = Release|Any CPU
	EndGlobalSection
	GlobalSection(SolutionProperties) = preSolution
		HideSolutionNode = FALSE
	EndGlobalSection
	GlobalSection(ExtensibilityGlobals) = postSolution
		SolutionGuid = {CFE206EE-11C6-442F-B16D-2AB062A33EE0}
	EndGlobalSection
EndGlobal
