
Microsoft Visual Studio Solution File, Format Version 12.00
# Visual Studio Version 17
VisualStudioVersion = 17.2.32526.322
MinimumVisualStudioVersion = 10.0.40219.1
Project("{9A19103F-16F7-4668-BE54-9A1E7A4F7556}") = "CodeSamplesL5", "CodeSamplesL5\CodeSamplesL5.csproj", "{4C24B23A-9B04-45D5-A322-2697184550A2}"
EndProject
Global
	GlobalSection(SolutionConfigurationPlatforms) = preSolution
		Debug|Any CPU = Debug|Any CPU
		Release|Any CPU = Release|Any CPU
	EndGlobalSection
	GlobalSection(ProjectConfigurationPlatforms) = postSolution
		{4C24B23A-9B04-45D5-A322-2697184550A2}.Debug|Any CPU.ActiveCfg = Debug|Any CPU
		{4C24B23A-9B04-45D5-A322-2697184550A2}.Debug|Any CPU.Build.0 = Debug|Any CPU
		{4C24B23A-9B04-45D5-A322-2697184550A2}.Release|Any CPU.ActiveCfg = Release|Any CPU
		{4C24B23A-9B04-45D5-A322-2697184550A2}.Release|Any CPU.Build.0 = Release|Any CPU
	EndGlobalSection
	GlobalSection(SolutionProperties) = preSolution
		HideSolutionNode = FALSE
	EndGlobalSection
	GlobalSection(ExtensibilityGlobals) = postSolution
		SolutionGuid = {F604CB1B-1B1D-4245-820A-C05A4F0E2D86}
	EndGlobalSection
EndGlobal
